
Microsoft Visual Studio Solution File, Format Version 12.00
# Visual Studio Version 17
VisualStudioVersion = 17.0.31903.59
MinimumVisualStudioVersion = 10.0.40219.1
Project("{2150E333-8FDC-42A3-9474-1A3956D46DE8}") = "WarehouseRolls.Api", "WarehouseRolls.Api", "{6F522E7F-64F3-4A64-6F67-5B4D7B6849E0}"
EndProject
Project("{FAE04EC0-301F-11D3-BF4B-00C04F79EFBC}") = "WarehouseRolls", "WarehouseRolls.Api\WarehouseRolls.csproj", "{2FBA3B99-35A1-41A8-B8F4-16558B3A2578}"
EndProject
Project("{FAE04EC0-301F-11D3-BF4B-00C04F79EFBC}") = "WarehouseRolls.Tests", "WarehouseRolls.Tests\WarehouseRolls.Tests.csproj", "{3D315936-CF46-4681-8AEF-DC8BECD37082}"
EndProject
Global
	GlobalSection(SolutionConfigurationPlatforms) = preSolution
		Debug|Any CPU = Debug|Any CPU
		Debug|x64 = Debug|x64
		Debug|x86 = Debug|x86
		Release|Any CPU = Release|Any CPU
		Release|x64 = Release|x64
		Release|x86 = Release|x86
	EndGlobalSection
	GlobalSection(ProjectConfigurationPlatforms) = postSolution
		{2FBA3B99-35A1-41A8-B8F4-16558B3A2578}.Debug|Any CPU.ActiveCfg = Debug|Any CPU
		{2FBA3B99-35A1-41A8-B8F4-16558B3A2578}.Debug|Any CPU.Build.0 = Debug|Any CPU
		{2FBA3B99-35A1-41A8-B8F4-16558B3A2578}.Debug|x64.ActiveCfg = Debug|Any CPU
		{2FBA3B99-35A1-41A8-B8F4-16558B3A2578}.Debug|x64.Build.0 = Debug|Any CPU
		{2FBA3B99-35A1-41A8-B8F4-16558B3A2578}.Debug|x86.ActiveCfg = Debug|Any CPU
		{2FBA3B99-35A1-41A8-B8F4-16558B3A2578}.Debug|x86.Build.0 = Debug|Any CPU
		{2FBA3B99-35A1-41A8-B8F4-16558B3A2578}.Release|Any CPU.ActiveCfg = Release|Any CPU
		{2FBA3B99-35A1-41A8-B8F4-16558B3A2578}.Release|Any CPU.Build.0 = Release|Any CPU
		{2FBA3B99-35A1-41A8-B8F4-16558B3A2578}.Release|x64.ActiveCfg = Release|Any CPU
		{2FBA3B99-35A1-41A8-B8F4-16558B3A2578}.Release|x64.Build.0 = Release|Any CPU
		{2FBA3B99-35A1-41A8-B8F4-16558B3A2578}.Release|x86.ActiveCfg = Release|Any CPU
		{2FBA3B99-35A1-41A8-B8F4-16558B3A2578}.Release|x86.Build.0 = Release|Any CPU
		{3D315936-CF46-4681-8AEF-DC8BECD37082}.Debug|Any CPU.ActiveCfg = Debug|Any CPU
		{3D315936-CF46-4681-8AEF-DC8BECD37082}.Debug|Any CPU.Build.0 = Debug|Any CPU
		{3D315936-CF46-4681-8AEF-DC8BECD37082}.Debug|x64.ActiveCfg = Debug|Any CPU
		{3D315936-CF46-4681-8AEF-DC8BECD37082}.Debug|x64.Build.0 = Debug|Any CPU
		{3D315936-CF46-4681-8AEF-DC8BECD37082}.Debug|x86.ActiveCfg = Debug|Any CPU
		{3D315936-CF46-4681-8AEF-DC8BECD37082}.Debug|x86.Build.0 = Debug|Any CPU
		{3D315936-CF46-4681-8AEF-DC8BECD37082}.Release|Any CPU.ActiveCfg = Release|Any CPU
		{3D315936-CF46-4681-8AEF-DC8BECD37082}.Release|Any CPU.Build.0 = Release|Any CPU
		{3D315936-CF46-4681-8AEF-DC8BECD37082}.Release|x64.ActiveCfg = Release|Any CPU
		{3D315936-CF46-4681-8AEF-DC8BECD37082}.Release|x64.Build.0 = Release|Any CPU
		{3D315936-CF46-4681-8AEF-DC8BECD37082}.Release|x86.ActiveCfg = Release|Any CPU
		{3D315936-CF46-4681-8AEF-DC8BECD37082}.Release|x86.Build.0 = Release|Any CPU
	EndGlobalSection
	GlobalSection(SolutionProperties) = preSolution
		HideSolutionNode = FALSE
	EndGlobalSection
	GlobalSection(NestedProjects) = preSolution
		{2FBA3B99-35A1-41A8-B8F4-16558B3A2578} = {6F522E7F-64F3-4A64-6F67-5B4D7B6849E0}
	EndGlobalSection
EndGlobal
