
Microsoft Visual Studio Solution File, Format Version 12.00
# Visual Studio Version 17
VisualStudioVersion = 17.0.31903.59
MinimumVisualStudioVersion = 10.0.40219.1
Project("{FAE04EC0-301F-11D3-BF4B-00C04F79EFBC}") = "WarehouseRolls.Api", "WarehouseRolls.Api\WarehouseRolls.Api.csproj", "{F191F2F7-34F4-4310-8E26-58AA6C8ADC43}"
EndProject
Project("{FAE04EC0-301F-11D3-BF4B-00C04F79EFBC}") = "WarehouseRolls.Tests", "WarehouseRolls.Tests\WarehouseRolls.Tests.csproj", "{7664564A-2864-4EBF-8512-E134956FF630}"
EndProject
Global
	GlobalSection(SolutionConfigurationPlatforms) = preSolution
		Debug|Any CPU = Debug|Any CPU
		Debug|x64 = Debug|x64
		Debug|x86 = Debug|x86
		Release|Any CPU = Release|Any CPU
		Release|x64 = Release|x64
		Release|x86 = Release|x86
	EndGlobalSection
	GlobalSection(ProjectConfigurationPlatforms) = postSolution
		{F191F2F7-34F4-4310-8E26-58AA6C8ADC43}.Debug|Any CPU.ActiveCfg = Debug|Any CPU
		{F191F2F7-34F4-4310-8E26-58AA6C8ADC43}.Debug|Any CPU.Build.0 = Debug|Any CPU
		{F191F2F7-34F4-4310-8E26-58AA6C8ADC43}.Debug|x64.ActiveCfg = Debug|Any CPU
		{F191F2F7-34F4-4310-8E26-58AA6C8ADC43}.Debug|x64.Build.0 = Debug|Any CPU
		{F191F2F7-34F4-4310-8E26-58AA6C8ADC43}.Debug|x86.ActiveCfg = Debug|Any CPU
		{F191F2F7-34F4-4310-8E26-58AA6C8ADC43}.Debug|x86.Build.0 = Debug|Any CPU
		{F191F2F7-34F4-4310-8E26-58AA6C8ADC43}.Release|Any CPU.ActiveCfg = Release|Any CPU
		{F191F2F7-34F4-4310-8E26-58AA6C8ADC43}.Release|Any CPU.Build.0 = Release|Any CPU
		{F191F2F7-34F4-4310-8E26-58AA6C8ADC43}.Release|x64.ActiveCfg = Release|Any CPU
		{F191F2F7-34F4-4310-8E26-58AA6C8ADC43}.Release|x64.Build.0 = Release|Any CPU
		{F191F2F7-34F4-4310-8E26-58AA6C8ADC43}.Release|x86.ActiveCfg = Release|Any CPU
		{F191F2F7-34F4-4310-8E26-58AA6C8ADC43}.Release|x86.Build.0 = Release|Any CPU
		{7664564A-2864-4EBF-8512-E134956FF630}.Debug|Any CPU.ActiveCfg = Debug|Any CPU
		{7664564A-2864-4EBF-8512-E134956FF630}.Debug|Any CPU.Build.0 = Debug|Any CPU
		{7664564A-2864-4EBF-8512-E134956FF630}.Debug|x64.ActiveCfg = Debug|Any CPU
		{7664564A-2864-4EBF-8512-E134956FF630}.Debug|x64.Build.0 = Debug|Any CPU
		{7664564A-2864-4EBF-8512-E134956FF630}.Debug|x86.ActiveCfg = Debug|Any CPU
		{7664564A-2864-4EBF-8512-E134956FF630}.Debug|x86.Build.0 = Debug|Any CPU
		{7664564A-2864-4EBF-8512-E134956FF630}.Release|Any CPU.ActiveCfg = Release|Any CPU
		{7664564A-2864-4EBF-8512-E134956FF630}.Release|Any CPU.Build.0 = Release|Any CPU
		{7664564A-2864-4EBF-8512-E134956FF630}.Release|x64.ActiveCfg = Release|Any CPU
		{7664564A-2864-4EBF-8512-E134956FF630}.Release|x64.Build.0 = Release|Any CPU
		{7664564A-2864-4EBF-8512-E134956FF630}.Release|x86.ActiveCfg = Release|Any CPU
		{7664564A-2864-4EBF-8512-E134956FF630}.Release|x86.Build.0 = Release|Any CPU
	EndGlobalSection
	GlobalSection(SolutionProperties) = preSolution
		HideSolutionNode = FALSE
	EndGlobalSection
EndGlobal
