Microsoft Visual Studio Solution File, Format Version 12.00
# Visual Studio Version 17
VisualStudioVersion = 17.5.2.0
MinimumVisualStudioVersion = 10.0.40219.1
Project("{FAE04EC0-301F-11D3-BF4B-00C04F79EFBC}") = "WarehouseRolls", "WarehouseRolls.csproj", "{713E35EC-F8C6-9849-75B2-A80796A87792}"
EndProject
Global
	GlobalSection(SolutionConfigurationPlatforms) = preSolution
		Debug|Any CPU = Debug|Any CPU
		Release|Any CPU = Release|Any CPU
	EndGlobalSection
	GlobalSection(ProjectConfigurationPlatforms) = postSolution
		{713E35EC-F8C6-9849-75B2-A80796A87792}.Debug|Any CPU.ActiveCfg = Debug|Any CPU
		{713E35EC-F8C6-9849-75B2-A80796A87792}.Debug|Any CPU.Build.0 = Debug|Any CPU
		{713E35EC-F8C6-9849-75B2-A80796A87792}.Release|Any CPU.ActiveCfg = Release|Any CPU
		{713E35EC-F8C6-9849-75B2-A80796A87792}.Release|Any CPU.Build.0 = Release|Any CPU
	EndGlobalSection
	GlobalSection(SolutionProperties) = preSolution
		HideSolutionNode = FALSE
	EndGlobalSection
	GlobalSection(ExtensibilityGlobals) = postSolution
		SolutionGuid = {A3245B86-4EEE-459E-B26E-CA04D6130AA1}
	EndGlobalSection
EndGlobal
